
Microsoft Visual Studio Solution File, Format Version 12.00
# Visual Studio 15
VisualStudioVersion = 15.0.27004.2002
MinimumVisualStudioVersion = 10.0.40219.1
Project("{FAE04EC0-301F-11D3-BF4B-00C04F79EFBC}") = "ApiNetCore", "ApiNetCore\ApiNetCore.csproj", "{0AC55AAD-D204-4C7A-B92B-65189D5317F5}"
EndProject
Global
	GlobalSection(SolutionConfigurationPlatforms) = preSolution
		Debug|Any CPU = Debug|Any CPU
		Release|Any CPU = Release|Any CPU
	EndGlobalSection
	GlobalSection(ProjectConfigurationPlatforms) = postSolution
		{0AC55AAD-D204-4C7A-B92B-65189D5317F5}.Debug|Any CPU.ActiveCfg = Debug|Any CPU
		{0AC55AAD-D204-4C7A-B92B-65189D5317F5}.Debug|Any CPU.Build.0 = Debug|Any CPU
		{0AC55AAD-D204-4C7A-B92B-65189D5317F5}.Release|Any CPU.ActiveCfg = Release|Any CPU
		{0AC55AAD-D204-4C7A-B92B-65189D5317F5}.Release|Any CPU.Build.0 = Release|Any CPU
	EndGlobalSection
	GlobalSection(SolutionProperties) = preSolution
		HideSolutionNode = FALSE
	EndGlobalSection
	GlobalSection(ExtensibilityGlobals) = postSolution
		SolutionGuid = {0A0DC90B-59B5-4D6A-BBC0-74BECA447DBE}
	EndGlobalSection
EndGlobal
