
Microsoft Visual Studio Solution File, Format Version 12.00
# Visual Studio 15
VisualStudioVersion = 15.0.27004.2002
MinimumVisualStudioVersion = 10.0.40219.1
Project("{9A19103F-16F7-4668-BE54-9A1E7A4F7556}") = "ApiNetCore", "ApiNetCore\ApiNetCore.csproj", "{0AC55AAD-D204-4C7A-B92B-65189D5317F5}"
EndProject
Project("{9092AA53-FB77-4645-B42D-1CCCA6BD08BD}") = "ApiJS", "ApiJS\ApiJS.njsproj", "{9CEF07E9-964E-4BA0-A131-F84322BDF460}"
EndProject
Global
	GlobalSection(SolutionConfigurationPlatforms) = preSolution
		Debug|Any CPU = Debug|Any CPU
		Release|Any CPU = Release|Any CPU
	EndGlobalSection
	GlobalSection(ProjectConfigurationPlatforms) = postSolution
		{0AC55AAD-D204-4C7A-B92B-65189D5317F5}.Debug|Any CPU.ActiveCfg = Debug|Any CPU
		{0AC55AAD-D204-4C7A-B92B-65189D5317F5}.Debug|Any CPU.Build.0 = Debug|Any CPU
		{0AC55AAD-D204-4C7A-B92B-65189D5317F5}.Release|Any CPU.ActiveCfg = Release|Any CPU
		{0AC55AAD-D204-4C7A-B92B-65189D5317F5}.Release|Any CPU.Build.0 = Release|Any CPU
		{9CEF07E9-964E-4BA0-A131-F84322BDF460}.Debug|Any CPU.ActiveCfg = Debug|Any CPU
		{9CEF07E9-964E-4BA0-A131-F84322BDF460}.Debug|Any CPU.Build.0 = Debug|Any CPU
		{9CEF07E9-964E-4BA0-A131-F84322BDF460}.Release|Any CPU.ActiveCfg = Release|Any CPU
		{9CEF07E9-964E-4BA0-A131-F84322BDF460}.Release|Any CPU.Build.0 = Release|Any CPU
	EndGlobalSection
	GlobalSection(SolutionProperties) = preSolution
		HideSolutionNode = FALSE
	EndGlobalSection
	GlobalSection(ExtensibilityGlobals) = postSolution
		SolutionGuid = {0A0DC90B-59B5-4D6A-BBC0-74BECA447DBE}
	EndGlobalSection
EndGlobal
